// !$*UTF8*$!
{
	archiveVersion = 1;
	classes = {
	};
	objectVersion = 46;
	objects = {

/* Begin PBXBuildFile section */
		844F24041DA840A800E693C8 /* CommandCenter.swift in Sources */ = {isa = PBXBuildFile; fileRef = 844F24031DA840A800E693C8 /* CommandCenter.swift */; };
		844F24061DA840B700E693C8 /* Option.swift in Sources */ = {isa = PBXBuildFile; fileRef = 844F24051DA840B700E693C8 /* Option.swift */; };
		844F240A1DA84F1100E693C8 /* WLKeyboardSource.m in Sources */ = {isa = PBXBuildFile; fileRef = 844F24091DA84F1100E693C8 /* WLKeyboardSource.m */; };
		84AB299F1D98369500260363 /* CommandLineInterpreter.swift in Sources */ = {isa = PBXBuildFile; fileRef = 84AB299E1D98369500260363 /* CommandLineInterpreter.swift */; };
		84AB29A11D98376700260363 /* main.swift in Sources */ = {isa = PBXBuildFile; fileRef = 84AB29A01D98376700260363 /* main.swift */; };
		84AB29A21D9859EB00260363 /* Version.swift in Sources */ = {isa = PBXBuildFile; fileRef = 930B31D91BC17D3300C5AD86 /* Version.swift */; };
		930B31C11BC168A800C5AD86 /* WLKeyboardManager.m in Sources */ = {isa = PBXBuildFile; fileRef = 930B31C01BC168A800C5AD86 /* WLKeyboardManager.m */; };
/* End PBXBuildFile section */

/* Begin PBXCopyFilesBuildPhase section */
		9314DB881BB9D5BD0066C31B /* CopyFiles */ = {
			isa = PBXCopyFilesBuildPhase;
			buildActionMask = 2147483647;
			dstPath = /usr/share/man/man1/;
			dstSubfolderSpec = 0;
			files = (
			);
			runOnlyForDeploymentPostprocessing = 1;
		};
/* End PBXCopyFilesBuildPhase section */

/* Begin PBXFileReference section */
		844F24011DA8406A00E693C8 /* DLog.h */ = {isa = PBXFileReference; fileEncoding = 4; lastKnownFileType = sourcecode.c.h; path = DLog.h; sourceTree = "<group>"; };
		844F24031DA840A800E693C8 /* CommandCenter.swift */ = {isa = PBXFileReference; fileEncoding = 4; lastKnownFileType = sourcecode.swift; path = CommandCenter.swift; sourceTree = "<group>"; };
		844F24051DA840B700E693C8 /* Option.swift */ = {isa = PBXFileReference; fileEncoding = 4; lastKnownFileType = sourcecode.swift; path = Option.swift; sourceTree = "<group>"; };
		844F24081DA84F1100E693C8 /* WLKeyboardSource.h */ = {isa = PBXFileReference; fileEncoding = 4; lastKnownFileType = sourcecode.c.h; path = WLKeyboardSource.h; sourceTree = "<group>"; };
		844F24091DA84F1100E693C8 /* WLKeyboardSource.m */ = {isa = PBXFileReference; fileEncoding = 4; lastKnownFileType = sourcecode.c.objc; path = WLKeyboardSource.m; sourceTree = "<group>"; };
		84AB299D1D98369400260363 /* keyboardSwitcher-Bridging-Header.h */ = {isa = PBXFileReference; lastKnownFileType = sourcecode.c.h; path = "keyboardSwitcher-Bridging-Header.h"; sourceTree = "<group>"; };
		84AB299E1D98369500260363 /* CommandLineInterpreter.swift */ = {isa = PBXFileReference; fileEncoding = 4; lastKnownFileType = sourcecode.swift; path = CommandLineInterpreter.swift; sourceTree = "<group>"; };
		84AB29A01D98376700260363 /* main.swift */ = {isa = PBXFileReference; fileEncoding = 4; lastKnownFileType = sourcecode.swift; path = main.swift; sourceTree = "<group>"; };
		930B31BF1BC168A800C5AD86 /* WLKeyboardManager.h */ = {isa = PBXFileReference; fileEncoding = 4; lastKnownFileType = sourcecode.c.h; path = WLKeyboardManager.h; sourceTree = "<group>"; };
		930B31C01BC168A800C5AD86 /* WLKeyboardManager.m */ = {isa = PBXFileReference; fileEncoding = 4; lastKnownFileType = sourcecode.c.objc; path = WLKeyboardManager.m; sourceTree = "<group>"; };
		930B31D91BC17D3300C5AD86 /* Version.swift */ = {isa = PBXFileReference; lastKnownFileType = sourcecode.swift; path = Version.swift; sourceTree = "<group>"; };
		9314DB8A1BB9D5BD0066C31B /* keyboardSwitcher */ = {isa = PBXFileReference; explicitFileType = "compiled.mach-o.executable"; includeInIndex = 0; path = keyboardSwitcher; sourceTree = BUILT_PRODUCTS_DIR; };
/* End PBXFileReference section */

/* Begin PBXFrameworksBuildPhase section */
		9314DB871BB9D5BD0066C31B /* Frameworks */ = {
			isa = PBXFrameworksBuildPhase;
			buildActionMask = 2147483647;
			files = (
			);
			runOnlyForDeploymentPostprocessing = 0;
		};
/* End PBXFrameworksBuildPhase section */

/* Begin PBXGroup section */
		844F24021DA8407700E693C8 /* Core */ = {
			isa = PBXGroup;
			children = (
				844F24011DA8406A00E693C8 /* DLog.h */,
				930B31BF1BC168A800C5AD86 /* WLKeyboardManager.h */,
				930B31C01BC168A800C5AD86 /* WLKeyboardManager.m */,
				844F24081DA84F1100E693C8 /* WLKeyboardSource.h */,
				844F24091DA84F1100E693C8 /* WLKeyboardSource.m */,
				84AB299D1D98369400260363 /* keyboardSwitcher-Bridging-Header.h */,
			);
			path = Core;
			sourceTree = "<group>";
		};
		844F24071DA840F600E693C8 /* CLI */ = {
			isa = PBXGroup;
			children = (
				844F24031DA840A800E693C8 /* CommandCenter.swift */,
				84AB299E1D98369500260363 /* CommandLineInterpreter.swift */,
				844F24051DA840B700E693C8 /* Option.swift */,
			);
			path = CLI;
			sourceTree = "<group>";
		};
		9314DB811BB9D5BD0066C31B = {
			isa = PBXGroup;
			children = (
				9314DB8B1BB9D5BD0066C31B /* Products */,
				9314DB8C1BB9D5BD0066C31B /* keyboardSwitcher */,
			);
			sourceTree = "<group>";
		};
		9314DB8B1BB9D5BD0066C31B /* Products */ = {
			isa = PBXGroup;
			children = (
				9314DB8A1BB9D5BD0066C31B /* keyboardSwitcher */,
			);
			name = Products;
			sourceTree = "<group>";
		};
		9314DB8C1BB9D5BD0066C31B /* keyboardSwitcher */ = {
			isa = PBXGroup;
			children = (
				844F24071DA840F600E693C8 /* CLI */,
				844F24021DA8407700E693C8 /* Core */,
				930B31D91BC17D3300C5AD86 /* Version.swift */,
				84AB29A01D98376700260363 /* main.swift */,
			);
			path = keyboardSwitcher;
			sourceTree = "<group>";
		};
/* End PBXGroup section */

/* Begin PBXNativeTarget section */
		9314DB891BB9D5BD0066C31B /* keyboardSwitcher */ = {
			isa = PBXNativeTarget;
			buildConfigurationList = 9314DB911BB9D5BD0066C31B /* Build configuration list for PBXNativeTarget "keyboardSwitcher" */;
			buildPhases = (
				84BC13C81EB4F4150078533E /* Swiftlint */,
				84BC13C91EB4F4170078533E /* Swimat */,
				9314DB861BB9D5BD0066C31B /* Sources */,
				9314DB871BB9D5BD0066C31B /* Frameworks */,
				9314DB881BB9D5BD0066C31B /* CopyFiles */,
			);
			buildRules = (
			);
			dependencies = (
			);
			name = keyboardSwitcher;
			productName = keyboardSwitcher;
			productReference = 9314DB8A1BB9D5BD0066C31B /* keyboardSwitcher */;
			productType = "com.apple.product-type.tool";
		};
/* End PBXNativeTarget section */

/* Begin PBXProject section */
		9314DB821BB9D5BD0066C31B /* Project object */ = {
			isa = PBXProject;
			attributes = {
				LastUpgradeCheck = 0800;
				ORGANIZATIONNAME = number42;
				TargetAttributes = {
					9314DB891BB9D5BD0066C31B = {
						CreatedOnToolsVersion = 7.0;
						LastSwiftMigration = 0800;
					};
				};
			};
			buildConfigurationList = 9314DB851BB9D5BD0066C31B /* Build configuration list for PBXProject "keyboardSwitcher" */;
			compatibilityVersion = "Xcode 3.2";
			developmentRegion = English;
			hasScannedForEncodings = 0;
			knownRegions = (
				en,
			);
			mainGroup = 9314DB811BB9D5BD0066C31B;
			productRefGroup = 9314DB8B1BB9D5BD0066C31B /* Products */;
			projectDirPath = "";
			projectRoot = "";
			targets = (
				9314DB891BB9D5BD0066C31B /* keyboardSwitcher */,
			);
		};
/* End PBXProject section */

/* Begin PBXShellScriptBuildPhase section */
		84BC13C81EB4F4150078533E /* Swiftlint */ = {
			isa = PBXShellScriptBuildPhase;
			buildActionMask = 2147483647;
			files = (
			);
			inputPaths = (
			);
			name = Swiftlint;
			outputPaths = (
			);
			runOnlyForDeploymentPostprocessing = 0;
			shellPath = /bin/sh;
			shellScript = "if which swiftlint >/dev/null; then\nswiftlint\nelse\necho \"warning: SwiftLint not installed, download from https://github.com/realm/SwiftLint\"\nfi";
		};
		84BC13C91EB4F4170078533E /* Swimat */ = {
			isa = PBXShellScriptBuildPhase;
			buildActionMask = 2147483647;
			files = (
			);
			inputPaths = (
			);
			name = Swimat;
			outputPaths = (
			);
			runOnlyForDeploymentPostprocessing = 0;
			shellPath = /bin/sh;
			shellScript = "if which swimat >/dev/null; then\n    swimat -r keyboardSwitcher \nelse\necho \"warning: Swimat not installed, download from https://github.com/Jintin/Swimat or install with 'brew install swimat'\"\nfi";
		};
/* End PBXShellScriptBuildPhase section */

/* Begin PBXSourcesBuildPhase section */
		9314DB861BB9D5BD0066C31B /* Sources */ = {
			isa = PBXSourcesBuildPhase;
			buildActionMask = 2147483647;
			files = (
				930B31C11BC168A800C5AD86 /* WLKeyboardManager.m in Sources */,
				84AB29A21D9859EB00260363 /* Version.swift in Sources */,
				84AB29A11D98376700260363 /* main.swift in Sources */,
				84AB299F1D98369500260363 /* CommandLineInterpreter.swift in Sources */,
				844F240A1DA84F1100E693C8 /* WLKeyboardSource.m in Sources */,
				844F24061DA840B700E693C8 /* Option.swift in Sources */,
				844F24041DA840A800E693C8 /* CommandCenter.swift in Sources */,
			);
			runOnlyForDeploymentPostprocessing = 0;
		};
/* End PBXSourcesBuildPhase section */

/* Begin XCBuildConfiguration section */
		9314DB8F1BB9D5BD0066C31B /* Debug */ = {
			isa = XCBuildConfiguration;
			buildSettings = {
				ALWAYS_SEARCH_USER_PATHS = NO;
				CLANG_CXX_LANGUAGE_STANDARD = "gnu++0x";
				CLANG_CXX_LIBRARY = "libc++";
				CLANG_ENABLE_MODULES = YES;
				CLANG_ENABLE_OBJC_ARC = YES;
				CLANG_WARN_BOOL_CONVERSION = YES;
				CLANG_WARN_CONSTANT_CONVERSION = YES;
				CLANG_WARN_DIRECT_OBJC_ISA_USAGE = YES_ERROR;
				CLANG_WARN_EMPTY_BODY = YES;
				CLANG_WARN_ENUM_CONVERSION = YES;
				CLANG_WARN_INFINITE_RECURSION = YES;
				CLANG_WARN_INT_CONVERSION = YES;
				CLANG_WARN_OBJC_ROOT_CLASS = YES_ERROR;
				CLANG_WARN_SUSPICIOUS_MOVE = YES;
				CLANG_WARN_UNREACHABLE_CODE = YES;
				CLANG_WARN__DUPLICATE_METHOD_MATCH = YES;
				COPY_PHASE_STRIP = NO;
				DEBUG_INFORMATION_FORMAT = dwarf;
				ENABLE_STRICT_OBJC_MSGSEND = YES;
				ENABLE_TESTABILITY = YES;
				GCC_C_LANGUAGE_STANDARD = gnu99;
				GCC_DYNAMIC_NO_PIC = NO;
				GCC_NO_COMMON_BLOCKS = YES;
				GCC_OPTIMIZATION_LEVEL = 0;
				GCC_PREPROCESSOR_DEFINITIONS = (
					"DEBUG=1",
					"$(inherited)",
				);
				GCC_WARN_64_TO_32_BIT_CONVERSION = YES;
				GCC_WARN_ABOUT_RETURN_TYPE = YES_ERROR;
				GCC_WARN_UNDECLARED_SELECTOR = YES;
				GCC_WARN_UNINITIALIZED_AUTOS = YES_AGGRESSIVE;
				GCC_WARN_UNUSED_FUNCTION = YES;
				GCC_WARN_UNUSED_VARIABLE = YES;
				MACOSX_DEPLOYMENT_TARGET = 10.10;
				MTL_ENABLE_DEBUG_INFO = YES;
				ONLY_ACTIVE_ARCH = YES;
				SDKROOT = macosx;
			};
			name = Debug;
		};
		9314DB901BB9D5BD0066C31B /* Release */ = {
			isa = XCBuildConfiguration;
			buildSettings = {
				ALWAYS_SEARCH_USER_PATHS = NO;
				CLANG_CXX_LANGUAGE_STANDARD = "gnu++0x";
				CLANG_CXX_LIBRARY = "libc++";
				CLANG_ENABLE_MODULES = YES;
				CLANG_ENABLE_OBJC_ARC = YES;
				CLANG_WARN_BOOL_CONVERSION = YES;
				CLANG_WARN_CONSTANT_CONVERSION = YES;
				CLANG_WARN_DIRECT_OBJC_ISA_USAGE = YES_ERROR;
				CLANG_WARN_EMPTY_BODY = YES;
				CLANG_WARN_ENUM_CONVERSION = YES;
				CLANG_WARN_INFINITE_RECURSION = YES;
				CLANG_WARN_INT_CONVERSION = YES;
				CLANG_WARN_OBJC_ROOT_CLASS = YES_ERROR;
				CLANG_WARN_SUSPICIOUS_MOVE = YES;
				CLANG_WARN_UNREACHABLE_CODE = YES;
				CLANG_WARN__DUPLICATE_METHOD_MATCH = YES;
				COPY_PHASE_STRIP = NO;
				DEBUG_INFORMATION_FORMAT = "dwarf-with-dsym";
				ENABLE_NS_ASSERTIONS = NO;
				ENABLE_STRICT_OBJC_MSGSEND = YES;
				GCC_C_LANGUAGE_STANDARD = gnu99;
				GCC_NO_COMMON_BLOCKS = YES;
				GCC_WARN_64_TO_32_BIT_CONVERSION = YES;
				GCC_WARN_ABOUT_RETURN_TYPE = YES_ERROR;
				GCC_WARN_UNDECLARED_SELECTOR = YES;
				GCC_WARN_UNINITIALIZED_AUTOS = YES_AGGRESSIVE;
				GCC_WARN_UNUSED_FUNCTION = YES;
				GCC_WARN_UNUSED_VARIABLE = YES;
				MACOSX_DEPLOYMENT_TARGET = 10.10;
				MTL_ENABLE_DEBUG_INFO = NO;
				SDKROOT = macosx;
				SWIFT_OPTIMIZATION_LEVEL = "-Owholemodule";
			};
			name = Release;
		};
		9314DB921BB9D5BD0066C31B /* Debug */ = {
			isa = XCBuildConfiguration;
			buildSettings = {
				CLANG_ENABLE_MODULES = YES;
				LD_RUNPATH_SEARCH_PATHS = "$(inherited) @executable_path/../Frameworks @loader_path/../Frameworks";
				PRODUCT_NAME = "$(TARGET_NAME)";
				SWIFT_OBJC_BRIDGING_HEADER = "keyboardSwitcher/Core/keyboardSwitcher-Bridging-Header.h";
				SWIFT_OPTIMIZATION_LEVEL = "-Onone";
				SWIFT_VERSION = 5.0;
			};
			name = Debug;
		};
		9314DB931BB9D5BD0066C31B /* Release */ = {
			isa = XCBuildConfiguration;
			buildSettings = {
				CLANG_ENABLE_MODULES = YES;
				LD_RUNPATH_SEARCH_PATHS = "$(inherited) @executable_path/../Frameworks @loader_path/../Frameworks";
				PRODUCT_NAME = "$(TARGET_NAME)";
				SWIFT_OBJC_BRIDGING_HEADER = "keyboardSwitcher/Core/keyboardSwitcher-Bridging-Header.h";
				SWIFT_VERSION = 5.0;
			};
			name = Release;
		};
/* End XCBuildConfiguration section */

/* Begin XCConfigurationList section */
		9314DB851BB9D5BD0066C31B /* Build configuration list for PBXProject "keyboardSwitcher" */ = {
			isa = XCConfigurationList;
			buildConfigurations = (
				9314DB8F1BB9D5BD0066C31B /* Debug */,
				9314DB901BB9D5BD0066C31B /* Release */,
			);
			defaultConfigurationIsVisible = 0;
			defaultConfigurationName = Release;
		};
		9314DB911BB9D5BD0066C31B /* Build configuration list for PBXNativeTarget "keyboardSwitcher" */ = {
			isa = XCConfigurationList;
			buildConfigurations = (
				9314DB921BB9D5BD0066C31B /* Debug */,
				9314DB931BB9D5BD0066C31B /* Release */,
			);
			defaultConfigurationIsVisible = 0;
			defaultConfigurationName = Release;
		};
/* End XCConfigurationList section */
	};
	rootObject = 9314DB821BB9D5BD0066C31B /* Project object */;
}
